
Microsoft Visual Studio Solution File, Format Version 12.00
# Visual Studio 15
VisualStudioVersion = 15.0.28307.779
MinimumVisualStudioVersion = 10.0.40219.1
Project("{FAE04EC0-301F-11D3-BF4B-00C04F79EFBC}") = "HW 3 (Profit)", "HW 3 (Profit).csproj", "{6EB2411B-4711-409C-928B-7D9ADB0183FC}"
EndProject
Global
	GlobalSection(SolutionConfigurationPlatforms) = preSolution
		Debug|Any CPU = Debug|Any CPU
		Release|Any CPU = Release|Any CPU
	EndGlobalSection
	GlobalSection(ProjectConfigurationPlatforms) = postSolution
		{6EB2411B-4711-409C-928B-7D9ADB0183FC}.Debug|Any CPU.ActiveCfg = Debug|Any CPU
		{6EB2411B-4711-409C-928B-7D9ADB0183FC}.Debug|Any CPU.Build.0 = Debug|Any CPU
		{6EB2411B-4711-409C-928B-7D9ADB0183FC}.Release|Any CPU.ActiveCfg = Release|Any CPU
		{6EB2411B-4711-409C-928B-7D9ADB0183FC}.Release|Any CPU.Build.0 = Release|Any CPU
	EndGlobalSection
	GlobalSection(SolutionProperties) = preSolution
		HideSolutionNode = FALSE
	EndGlobalSection
	GlobalSection(ExtensibilityGlobals) = postSolution
		SolutionGuid = {C7D0CAF5-B335-4451-AB4C-DB72E54EB5E1}
	EndGlobalSection
EndGlobal
