
Microsoft Visual Studio Solution File, Format Version 12.00
# Visual Studio 15
VisualStudioVersion = 15.0.27004.2006
MinimumVisualStudioVersion = 10.0.40219.1
Project("{8BC9CEB8-8B4A-11D0-8D11-00A0C91BC942}") = "Mgallardo ex 16", "Mgallardo ex 16\Mgallardo ex 16.vcxproj", "{8ACAEBF5-2ACA-47AF-B2F4-9437C9754737}"
EndProject
Global
	GlobalSection(SolutionConfigurationPlatforms) = preSolution
		Debug|x64 = Debug|x64
		Debug|x86 = Debug|x86
		Release|x64 = Release|x64
		Release|x86 = Release|x86
	EndGlobalSection
	GlobalSection(ProjectConfigurationPlatforms) = postSolution
		{8ACAEBF5-2ACA-47AF-B2F4-9437C9754737}.Debug|x64.ActiveCfg = Debug|x64
		{8ACAEBF5-2ACA-47AF-B2F4-9437C9754737}.Debug|x64.Build.0 = Debug|x64
		{8ACAEBF5-2ACA-47AF-B2F4-9437C9754737}.Debug|x86.ActiveCfg = Debug|Win32
		{8ACAEBF5-2ACA-47AF-B2F4-9437C9754737}.Debug|x86.Build.0 = Debug|Win32
		{8ACAEBF5-2ACA-47AF-B2F4-9437C9754737}.Release|x64.ActiveCfg = Release|x64
		{8ACAEBF5-2ACA-47AF-B2F4-9437C9754737}.Release|x64.Build.0 = Release|x64
		{8ACAEBF5-2ACA-47AF-B2F4-9437C9754737}.Release|x86.ActiveCfg = Release|Win32
		{8ACAEBF5-2ACA-47AF-B2F4-9437C9754737}.Release|x86.Build.0 = Release|Win32
	EndGlobalSection
	GlobalSection(SolutionProperties) = preSolution
		HideSolutionNode = FALSE
	EndGlobalSection
	GlobalSection(ExtensibilityGlobals) = postSolution
		SolutionGuid = {6E953F55-538B-4BC0-9D12-DAE6470DD258}
	EndGlobalSection
EndGlobal
