
Microsoft Visual Studio Solution File, Format Version 12.00
# Visual Studio 15
VisualStudioVersion = 15.0.27004.2006
MinimumVisualStudioVersion = 10.0.40219.1
Project("{8BC9CEB8-8B4A-11D0-8D11-00A0C91BC942}") = "Mgallardo ex 61", "Mgallardo ex 61\Mgallardo ex 61.vcxproj", "{116A3C87-D374-4A78-AC46-F32991F527D9}"
EndProject
Global
	GlobalSection(SolutionConfigurationPlatforms) = preSolution
		Debug|x64 = Debug|x64
		Debug|x86 = Debug|x86
		Release|x64 = Release|x64
		Release|x86 = Release|x86
	EndGlobalSection
	GlobalSection(ProjectConfigurationPlatforms) = postSolution
		{116A3C87-D374-4A78-AC46-F32991F527D9}.Debug|x64.ActiveCfg = Debug|x64
		{116A3C87-D374-4A78-AC46-F32991F527D9}.Debug|x64.Build.0 = Debug|x64
		{116A3C87-D374-4A78-AC46-F32991F527D9}.Debug|x86.ActiveCfg = Debug|Win32
		{116A3C87-D374-4A78-AC46-F32991F527D9}.Debug|x86.Build.0 = Debug|Win32
		{116A3C87-D374-4A78-AC46-F32991F527D9}.Release|x64.ActiveCfg = Release|x64
		{116A3C87-D374-4A78-AC46-F32991F527D9}.Release|x64.Build.0 = Release|x64
		{116A3C87-D374-4A78-AC46-F32991F527D9}.Release|x86.ActiveCfg = Release|Win32
		{116A3C87-D374-4A78-AC46-F32991F527D9}.Release|x86.Build.0 = Release|Win32
	EndGlobalSection
	GlobalSection(SolutionProperties) = preSolution
		HideSolutionNode = FALSE
	EndGlobalSection
	GlobalSection(ExtensibilityGlobals) = postSolution
		SolutionGuid = {46C6B22A-1536-4635-B561-5C6EB502F811}
	EndGlobalSection
EndGlobal
