
Microsoft Visual Studio Solution File, Format Version 12.00
# Visual Studio Version 16
VisualStudioVersion = 16.0.28803.352
MinimumVisualStudioVersion = 10.0.40219.1
Project("{FAE04EC0-301F-11D3-BF4B-00C04F79EFBC}") = "HW 2 (display numbers)", "HW 2 (display numbers)\HW 2 (display numbers).csproj", "{34823E43-B182-4938-B9A0-21238592D757}"
EndProject
Global
	GlobalSection(SolutionConfigurationPlatforms) = preSolution
		Debug|Any CPU = Debug|Any CPU
		Release|Any CPU = Release|Any CPU
	EndGlobalSection
	GlobalSection(ProjectConfigurationPlatforms) = postSolution
		{34823E43-B182-4938-B9A0-21238592D757}.Debug|Any CPU.ActiveCfg = Debug|Any CPU
		{34823E43-B182-4938-B9A0-21238592D757}.Debug|Any CPU.Build.0 = Debug|Any CPU
		{34823E43-B182-4938-B9A0-21238592D757}.Release|Any CPU.ActiveCfg = Release|Any CPU
		{34823E43-B182-4938-B9A0-21238592D757}.Release|Any CPU.Build.0 = Release|Any CPU
	EndGlobalSection
	GlobalSection(SolutionProperties) = preSolution
		HideSolutionNode = FALSE
	EndGlobalSection
	GlobalSection(ExtensibilityGlobals) = postSolution
		SolutionGuid = {C780BC25-7A12-46AB-810E-DF4C36502F13}
	EndGlobalSection
EndGlobal
