
Microsoft Visual Studio Solution File, Format Version 12.00
# Visual Studio Version 16
VisualStudioVersion = 16.0.28803.352
MinimumVisualStudioVersion = 10.0.40219.1
Project("{FAE04EC0-301F-11D3-BF4B-00C04F79EFBC}") = "temperature conversion", "temperature conversion\temperature conversion.csproj", "{CC6DBA33-8048-44B0-AC88-96301E802857}"
EndProject
Global
	GlobalSection(SolutionConfigurationPlatforms) = preSolution
		Debug|Any CPU = Debug|Any CPU
		Release|Any CPU = Release|Any CPU
	EndGlobalSection
	GlobalSection(ProjectConfigurationPlatforms) = postSolution
		{CC6DBA33-8048-44B0-AC88-96301E802857}.Debug|Any CPU.ActiveCfg = Debug|Any CPU
		{CC6DBA33-8048-44B0-AC88-96301E802857}.Debug|Any CPU.Build.0 = Debug|Any CPU
		{CC6DBA33-8048-44B0-AC88-96301E802857}.Release|Any CPU.ActiveCfg = Release|Any CPU
		{CC6DBA33-8048-44B0-AC88-96301E802857}.Release|Any CPU.Build.0 = Release|Any CPU
	EndGlobalSection
	GlobalSection(SolutionProperties) = preSolution
		HideSolutionNode = FALSE
	EndGlobalSection
	GlobalSection(ExtensibilityGlobals) = postSolution
		SolutionGuid = {01485C2A-2F14-478C-B02B-DE2DB3C1DCB8}
	EndGlobalSection
EndGlobal
