
Microsoft Visual Studio Solution File, Format Version 12.00
# Visual Studio Version 16
VisualStudioVersion = 16.0.28803.352
MinimumVisualStudioVersion = 10.0.40219.1
Project("{FAE04EC0-301F-11D3-BF4B-00C04F79EFBC}") = "HW 8 (employee) school", "HW 8 (employee) school\HW 8 (employee) school.csproj", "{18834C22-736C-40D6-BFCC-25ECC6144E94}"
EndProject
Global
	GlobalSection(SolutionConfigurationPlatforms) = preSolution
		Debug|Any CPU = Debug|Any CPU
		Release|Any CPU = Release|Any CPU
	EndGlobalSection
	GlobalSection(ProjectConfigurationPlatforms) = postSolution
		{18834C22-736C-40D6-BFCC-25ECC6144E94}.Debug|Any CPU.ActiveCfg = Debug|Any CPU
		{18834C22-736C-40D6-BFCC-25ECC6144E94}.Debug|Any CPU.Build.0 = Debug|Any CPU
		{18834C22-736C-40D6-BFCC-25ECC6144E94}.Release|Any CPU.ActiveCfg = Release|Any CPU
		{18834C22-736C-40D6-BFCC-25ECC6144E94}.Release|Any CPU.Build.0 = Release|Any CPU
	EndGlobalSection
	GlobalSection(SolutionProperties) = preSolution
		HideSolutionNode = FALSE
	EndGlobalSection
	GlobalSection(ExtensibilityGlobals) = postSolution
		SolutionGuid = {7771B001-E657-4320-9DCB-784C97360AC2}
	EndGlobalSection
EndGlobal
