
Microsoft Visual Studio Solution File, Format Version 12.00
# Visual Studio Version 16
VisualStudioVersion = 16.0.28803.352
MinimumVisualStudioVersion = 10.0.40219.1
Project("{FAE04EC0-301F-11D3-BF4B-00C04F79EFBC}") = "HW 4 (fib)", "HW 4 (fib)\HW 4 (fib).csproj", "{126C492C-F06D-432D-8281-563AB06C7D8B}"
EndProject
Global
	GlobalSection(SolutionConfigurationPlatforms) = preSolution
		Debug|Any CPU = Debug|Any CPU
		Release|Any CPU = Release|Any CPU
	EndGlobalSection
	GlobalSection(ProjectConfigurationPlatforms) = postSolution
		{126C492C-F06D-432D-8281-563AB06C7D8B}.Debug|Any CPU.ActiveCfg = Debug|Any CPU
		{126C492C-F06D-432D-8281-563AB06C7D8B}.Debug|Any CPU.Build.0 = Debug|Any CPU
		{126C492C-F06D-432D-8281-563AB06C7D8B}.Release|Any CPU.ActiveCfg = Release|Any CPU
		{126C492C-F06D-432D-8281-563AB06C7D8B}.Release|Any CPU.Build.0 = Release|Any CPU
	EndGlobalSection
	GlobalSection(SolutionProperties) = preSolution
		HideSolutionNode = FALSE
	EndGlobalSection
	GlobalSection(ExtensibilityGlobals) = postSolution
		SolutionGuid = {D5FA45CD-550F-4E75-AE4A-633C3D44CCB4}
	EndGlobalSection
EndGlobal
