
Microsoft Visual Studio Solution File, Format Version 12.00
# Visual Studio 15
VisualStudioVersion = 15.0.27004.2006
MinimumVisualStudioVersion = 10.0.40219.1
Project("{8BC9CEB8-8B4A-11D0-8D11-00A0C91BC942}") = "Mgallardo ex 43", "Mgallardo ex 43\Mgallardo ex 43.vcxproj", "{C4DEB954-CE7F-4DD4-8C19-7172CFD51E92}"
EndProject
Global
	GlobalSection(SolutionConfigurationPlatforms) = preSolution
		Debug|x64 = Debug|x64
		Debug|x86 = Debug|x86
		Release|x64 = Release|x64
		Release|x86 = Release|x86
	EndGlobalSection
	GlobalSection(ProjectConfigurationPlatforms) = postSolution
		{C4DEB954-CE7F-4DD4-8C19-7172CFD51E92}.Debug|x64.ActiveCfg = Debug|x64
		{C4DEB954-CE7F-4DD4-8C19-7172CFD51E92}.Debug|x64.Build.0 = Debug|x64
		{C4DEB954-CE7F-4DD4-8C19-7172CFD51E92}.Debug|x86.ActiveCfg = Debug|Win32
		{C4DEB954-CE7F-4DD4-8C19-7172CFD51E92}.Debug|x86.Build.0 = Debug|Win32
		{C4DEB954-CE7F-4DD4-8C19-7172CFD51E92}.Release|x64.ActiveCfg = Release|x64
		{C4DEB954-CE7F-4DD4-8C19-7172CFD51E92}.Release|x64.Build.0 = Release|x64
		{C4DEB954-CE7F-4DD4-8C19-7172CFD51E92}.Release|x86.ActiveCfg = Release|Win32
		{C4DEB954-CE7F-4DD4-8C19-7172CFD51E92}.Release|x86.Build.0 = Release|Win32
	EndGlobalSection
	GlobalSection(SolutionProperties) = preSolution
		HideSolutionNode = FALSE
	EndGlobalSection
	GlobalSection(ExtensibilityGlobals) = postSolution
		SolutionGuid = {AE4BFCEB-F482-4A00-84F4-F242C1D8F28E}
	EndGlobalSection
EndGlobal
