
Microsoft Visual Studio Solution File, Format Version 12.00
# Visual Studio Version 16
VisualStudioVersion = 16.0.29306.81
MinimumVisualStudioVersion = 10.0.40219.1
Project("{FAE04EC0-301F-11D3-BF4B-00C04F79EFBC}") = "quiz 4", "quiz 4\quiz 4.csproj", "{3F1D1299-2B30-4A5C-BD7B-1B71B9223CE4}"
EndProject
Global
	GlobalSection(SolutionConfigurationPlatforms) = preSolution
		Debug|Any CPU = Debug|Any CPU
		Release|Any CPU = Release|Any CPU
	EndGlobalSection
	GlobalSection(ProjectConfigurationPlatforms) = postSolution
		{3F1D1299-2B30-4A5C-BD7B-1B71B9223CE4}.Debug|Any CPU.ActiveCfg = Debug|Any CPU
		{3F1D1299-2B30-4A5C-BD7B-1B71B9223CE4}.Debug|Any CPU.Build.0 = Debug|Any CPU
		{3F1D1299-2B30-4A5C-BD7B-1B71B9223CE4}.Release|Any CPU.ActiveCfg = Release|Any CPU
		{3F1D1299-2B30-4A5C-BD7B-1B71B9223CE4}.Release|Any CPU.Build.0 = Release|Any CPU
	EndGlobalSection
	GlobalSection(SolutionProperties) = preSolution
		HideSolutionNode = FALSE
	EndGlobalSection
	GlobalSection(ExtensibilityGlobals) = postSolution
		SolutionGuid = {484F9701-94C3-4CE8-B75D-90FD23D8C536}
	EndGlobalSection
EndGlobal
