
Microsoft Visual Studio Solution File, Format Version 12.00
# Visual Studio 15
VisualStudioVersion = 15.0.26228.9
MinimumVisualStudioVersion = 10.0.40219.1
Project("{8BC9CEB8-8B4A-11D0-8D11-00A0C91BC942}") = "lab 2 Exercise 6", "lab 2 Exercise 6\lab 2 Exercise 6.vcxproj", "{3FE2218C-7A48-4195-A5BA-062C6E7E6C74}"
EndProject
Global
	GlobalSection(SolutionConfigurationPlatforms) = preSolution
		Debug|x64 = Debug|x64
		Debug|x86 = Debug|x86
		Release|x64 = Release|x64
		Release|x86 = Release|x86
	EndGlobalSection
	GlobalSection(ProjectConfigurationPlatforms) = postSolution
		{3FE2218C-7A48-4195-A5BA-062C6E7E6C74}.Debug|x64.ActiveCfg = Debug|x64
		{3FE2218C-7A48-4195-A5BA-062C6E7E6C74}.Debug|x64.Build.0 = Debug|x64
		{3FE2218C-7A48-4195-A5BA-062C6E7E6C74}.Debug|x86.ActiveCfg = Debug|Win32
		{3FE2218C-7A48-4195-A5BA-062C6E7E6C74}.Debug|x86.Build.0 = Debug|Win32
		{3FE2218C-7A48-4195-A5BA-062C6E7E6C74}.Release|x64.ActiveCfg = Release|x64
		{3FE2218C-7A48-4195-A5BA-062C6E7E6C74}.Release|x64.Build.0 = Release|x64
		{3FE2218C-7A48-4195-A5BA-062C6E7E6C74}.Release|x86.ActiveCfg = Release|Win32
		{3FE2218C-7A48-4195-A5BA-062C6E7E6C74}.Release|x86.Build.0 = Release|Win32
	EndGlobalSection
	GlobalSection(SolutionProperties) = preSolution
		HideSolutionNode = FALSE
	EndGlobalSection
EndGlobal
